
Microsoft Visual Studio Solution File, Format Version 12.00
# Visual Studio Version 17
VisualStudioVersion = 17.9.34714.143
MinimumVisualStudioVersion = 10.0.40219.1
Project("{2150E333-8FDC-42A3-9474-1A3956D46DE8}") = "Services", "Services", "{4AAF56D5-008D-40D3-B734-2BA69A276B95}"
EndProject
Project("{2150E333-8FDC-42A3-9474-1A3956D46DE8}") = "Catalog", "Catalog", "{3BB1932E-B88E-4832-A0BC-8C9D9179FAA5}"
EndProject
Project("{9A19103F-16F7-4668-BE54-9A1E7A4F7556}") = "Catalog.API", "Services\Catalog\Catalog.API\Catalog.API.csproj", "{22AD88BA-D342-4DE3-AD29-BDC1E683ADDE}"
EndProject
Project("{2150E333-8FDC-42A3-9474-1A3956D46DE8}") = "BuildingBlocks", "BuildingBlocks", "{E48CBE79-2E7D-4453-B280-7997490E8E72}"
EndProject
Project("{9A19103F-16F7-4668-BE54-9A1E7A4F7556}") = "BuildingBlocks", "BuildingBlocks\BuildingBlocks\BuildingBlocks.csproj", "{08CCBAAE-72A1-4E35-83CE-8449A95A056C}"
EndProject
Project("{E53339B2-1760-4266-BCC7-CA923CBCF16C}") = "docker-compose", "docker-compose.dcproj", "{5FDAE55C-3A8D-445F-8318-5F05795D818E}"
EndProject
Project("{2150E333-8FDC-42A3-9474-1A3956D46DE8}") = "Basket", "Basket", "{05A18E6B-BD3D-45FA-84A1-2AE9D9B556B7}"
EndProject
Project("{FAE04EC0-301F-11D3-BF4B-00C04F79EFBC}") = "Basket.API", "Services\Basket\Basket.API\Basket.API.csproj", "{0AA324AD-C8BB-47F9-9757-E3681300E911}"
EndProject
Global
	GlobalSection(SolutionConfigurationPlatforms) = preSolution
		Debug|Any CPU = Debug|Any CPU
		Release|Any CPU = Release|Any CPU
	EndGlobalSection
	GlobalSection(ProjectConfigurationPlatforms) = postSolution
		{22AD88BA-D342-4DE3-AD29-BDC1E683ADDE}.Debug|Any CPU.ActiveCfg = Debug|Any CPU
		{22AD88BA-D342-4DE3-AD29-BDC1E683ADDE}.Debug|Any CPU.Build.0 = Debug|Any CPU
		{22AD88BA-D342-4DE3-AD29-BDC1E683ADDE}.Release|Any CPU.ActiveCfg = Release|Any CPU
		{22AD88BA-D342-4DE3-AD29-BDC1E683ADDE}.Release|Any CPU.Build.0 = Release|Any CPU
		{08CCBAAE-72A1-4E35-83CE-8449A95A056C}.Debug|Any CPU.ActiveCfg = Debug|Any CPU
		{08CCBAAE-72A1-4E35-83CE-8449A95A056C}.Debug|Any CPU.Build.0 = Debug|Any CPU
		{08CCBAAE-72A1-4E35-83CE-8449A95A056C}.Release|Any CPU.ActiveCfg = Release|Any CPU
		{08CCBAAE-72A1-4E35-83CE-8449A95A056C}.Release|Any CPU.Build.0 = Release|Any CPU
		{5FDAE55C-3A8D-445F-8318-5F05795D818E}.Debug|Any CPU.ActiveCfg = Debug|Any CPU
		{5FDAE55C-3A8D-445F-8318-5F05795D818E}.Debug|Any CPU.Build.0 = Debug|Any CPU
		{5FDAE55C-3A8D-445F-8318-5F05795D818E}.Release|Any CPU.ActiveCfg = Release|Any CPU
		{5FDAE55C-3A8D-445F-8318-5F05795D818E}.Release|Any CPU.Build.0 = Release|Any CPU
		{0AA324AD-C8BB-47F9-9757-E3681300E911}.Debug|Any CPU.ActiveCfg = Debug|Any CPU
		{0AA324AD-C8BB-47F9-9757-E3681300E911}.Debug|Any CPU.Build.0 = Debug|Any CPU
		{0AA324AD-C8BB-47F9-9757-E3681300E911}.Release|Any CPU.ActiveCfg = Release|Any CPU
		{0AA324AD-C8BB-47F9-9757-E3681300E911}.Release|Any CPU.Build.0 = Release|Any CPU
	EndGlobalSection
	GlobalSection(SolutionProperties) = preSolution
		HideSolutionNode = FALSE
	EndGlobalSection
	GlobalSection(NestedProjects) = preSolution
		{3BB1932E-B88E-4832-A0BC-8C9D9179FAA5} = {4AAF56D5-008D-40D3-B734-2BA69A276B95}
		{22AD88BA-D342-4DE3-AD29-BDC1E683ADDE} = {3BB1932E-B88E-4832-A0BC-8C9D9179FAA5}
		{08CCBAAE-72A1-4E35-83CE-8449A95A056C} = {E48CBE79-2E7D-4453-B280-7997490E8E72}
		{05A18E6B-BD3D-45FA-84A1-2AE9D9B556B7} = {4AAF56D5-008D-40D3-B734-2BA69A276B95}
		{0AA324AD-C8BB-47F9-9757-E3681300E911} = {05A18E6B-BD3D-45FA-84A1-2AE9D9B556B7}
	EndGlobalSection
	GlobalSection(ExtensibilityGlobals) = postSolution
		SolutionGuid = {ADC81149-37A4-49C0-8BE0-17CFBE09728B}
	EndGlobalSection
EndGlobal
